
Microsoft Visual Studio Solution File, Format Version 12.00
# Visual Studio Version 17
VisualStudioVersion = 17.12.35707.178
MinimumVisualStudioVersion = 10.0.40219.1
Project("{2150E333-8FDC-42A3-9474-1A3956D46DE8}") = "Adapters", "Adapters", "{9DC4B2AE-0418-4335-9BA9-207903D04B63}"
EndProject
Project("{2150E333-8FDC-42A3-9474-1A3956D46DE8}") = "Driven", "Driven", "{D96A0FF9-C936-4062-9B58-19C3E613FC48}"
EndProject
Project("{2150E333-8FDC-42A3-9474-1A3956D46DE8}") = "Driver", "Driver", "{01BEEEC1-712E-4154-9862-09BCCBA6002A}"
EndProject
Project("{FAE04EC0-301F-11D3-BF4B-00C04F79EFBC}") = "Infra", "Infra\Infra.csproj", "{08ED144D-8283-49A6-801B-680CE19EC114}"
EndProject
Project("{2150E333-8FDC-42A3-9474-1A3956D46DE8}") = "Core", "Core", "{85F993BF-79C1-4C01-B99A-9E3F5406E3AD}"
EndProject
Project("{FAE04EC0-301F-11D3-BF4B-00C04F79EFBC}") = "Application", "Application\Application.csproj", "{A58A9455-8AAC-44B1-9821-4C99F16CBC9A}"
EndProject
Project("{FAE04EC0-301F-11D3-BF4B-00C04F79EFBC}") = "Domain", "Domain\Domain.csproj", "{F51C5265-6D48-4794-ABA8-A107932FE84D}"
EndProject
Project("{2150E333-8FDC-42A3-9474-1A3956D46DE8}") = "Test", "Test", "{C9702FC9-D6B8-4E67-988A-BF1E4C930B6C}"
EndProject
Project("{FAE04EC0-301F-11D3-BF4B-00C04F79EFBC}") = "UnitTests", "UnitTests\UnitTests.csproj", "{330D1222-34B9-4B3E-B092-AB1E9D371D04}"
EndProject
Project("{FAE04EC0-301F-11D3-BF4B-00C04F79EFBC}") = "WebApi", "WebApi\WebApi.csproj", "{FF3E83C1-14BD-4CAC-8569-40F3B0A90629}"
EndProject
Global
	GlobalSection(SolutionConfigurationPlatforms) = preSolution
		Debug|Any CPU = Debug|Any CPU
		Release|Any CPU = Release|Any CPU
	EndGlobalSection
	GlobalSection(ProjectConfigurationPlatforms) = postSolution
		{08ED144D-8283-49A6-801B-680CE19EC114}.Debug|Any CPU.ActiveCfg = Debug|Any CPU
		{08ED144D-8283-49A6-801B-680CE19EC114}.Debug|Any CPU.Build.0 = Debug|Any CPU
		{08ED144D-8283-49A6-801B-680CE19EC114}.Release|Any CPU.ActiveCfg = Release|Any CPU
		{08ED144D-8283-49A6-801B-680CE19EC114}.Release|Any CPU.Build.0 = Release|Any CPU
		{A58A9455-8AAC-44B1-9821-4C99F16CBC9A}.Debug|Any CPU.ActiveCfg = Debug|Any CPU
		{A58A9455-8AAC-44B1-9821-4C99F16CBC9A}.Debug|Any CPU.Build.0 = Debug|Any CPU
		{A58A9455-8AAC-44B1-9821-4C99F16CBC9A}.Release|Any CPU.ActiveCfg = Release|Any CPU
		{A58A9455-8AAC-44B1-9821-4C99F16CBC9A}.Release|Any CPU.Build.0 = Release|Any CPU
		{F51C5265-6D48-4794-ABA8-A107932FE84D}.Debug|Any CPU.ActiveCfg = Debug|Any CPU
		{F51C5265-6D48-4794-ABA8-A107932FE84D}.Debug|Any CPU.Build.0 = Debug|Any CPU
		{F51C5265-6D48-4794-ABA8-A107932FE84D}.Release|Any CPU.ActiveCfg = Release|Any CPU
		{F51C5265-6D48-4794-ABA8-A107932FE84D}.Release|Any CPU.Build.0 = Release|Any CPU
		{330D1222-34B9-4B3E-B092-AB1E9D371D04}.Debug|Any CPU.ActiveCfg = Debug|Any CPU
		{330D1222-34B9-4B3E-B092-AB1E9D371D04}.Debug|Any CPU.Build.0 = Debug|Any CPU
		{330D1222-34B9-4B3E-B092-AB1E9D371D04}.Release|Any CPU.ActiveCfg = Release|Any CPU
		{330D1222-34B9-4B3E-B092-AB1E9D371D04}.Release|Any CPU.Build.0 = Release|Any CPU
		{FF3E83C1-14BD-4CAC-8569-40F3B0A90629}.Debug|Any CPU.ActiveCfg = Debug|Any CPU
		{FF3E83C1-14BD-4CAC-8569-40F3B0A90629}.Debug|Any CPU.Build.0 = Debug|Any CPU
		{FF3E83C1-14BD-4CAC-8569-40F3B0A90629}.Release|Any CPU.ActiveCfg = Release|Any CPU
		{FF3E83C1-14BD-4CAC-8569-40F3B0A90629}.Release|Any CPU.Build.0 = Release|Any CPU
	EndGlobalSection
	GlobalSection(SolutionProperties) = preSolution
		HideSolutionNode = FALSE
	EndGlobalSection
	GlobalSection(NestedProjects) = preSolution
		{D96A0FF9-C936-4062-9B58-19C3E613FC48} = {9DC4B2AE-0418-4335-9BA9-207903D04B63}
		{01BEEEC1-712E-4154-9862-09BCCBA6002A} = {9DC4B2AE-0418-4335-9BA9-207903D04B63}
		{08ED144D-8283-49A6-801B-680CE19EC114} = {D96A0FF9-C936-4062-9B58-19C3E613FC48}
		{A58A9455-8AAC-44B1-9821-4C99F16CBC9A} = {85F993BF-79C1-4C01-B99A-9E3F5406E3AD}
		{F51C5265-6D48-4794-ABA8-A107932FE84D} = {85F993BF-79C1-4C01-B99A-9E3F5406E3AD}
		{330D1222-34B9-4B3E-B092-AB1E9D371D04} = {C9702FC9-D6B8-4E67-988A-BF1E4C930B6C}
		{FF3E83C1-14BD-4CAC-8569-40F3B0A90629} = {01BEEEC1-712E-4154-9862-09BCCBA6002A}
	EndGlobalSection
EndGlobal
